
Microsoft Visual Studio Solution File, Format Version 12.00
# Visual Studio Version 17
VisualStudioVersion = 17.0.31903.59
MinimumVisualStudioVersion = 10.0.40219.1
Project("{FAE04EC0-301F-11D3-BF4B-00C04F79EFBC}") = "Question_01_Igor_Rodrigo_Costa", "Question_01_Igor_Rodrigo_Costa\Question_01_Igor_Rodrigo_Costa.csproj", "{FEA9B71C-CA4E-4394-83F3-4C71A993A72A}"
EndProject
Project("{FAE04EC0-301F-11D3-BF4B-00C04F79EFBC}") = "Question_02", "Question_02\Question_02.csproj", "{2C9D50FE-621C-49B9-9BFB-3EC342A9B4D6}"
EndProject
Project("{FAE04EC0-301F-11D3-BF4B-00C04F79EFBC}") = "Question_03", "Question_03\Question_03.csproj", "{0D9AF0CD-52F2-40A3-B0B9-ED1DDA8FA1DA}"
EndProject
Project("{FAE04EC0-301F-11D3-BF4B-00C04F79EFBC}") = "Question_04", "Question_04\Question_04.csproj", "{EC314862-B847-4ECE-82EB-60C50970D52F}"
EndProject
Project("{FAE04EC0-301F-11D3-BF4B-00C04F79EFBC}") = "Question_05", "Question_05\Question_05.csproj", "{B24B81E8-6679-4EF7-9B4C-779CC4A9409D}"
EndProject
Project("{FAE04EC0-301F-11D3-BF4B-00C04F79EFBC}") = "Question_06", "Question_06\Question_06.csproj", "{47AD7E4A-AD1D-4DF3-A823-9964EBF68070}"
EndProject
Project("{FAE04EC0-301F-11D3-BF4B-00C04F79EFBC}") = "Question_07", "Question_07\Question_07.csproj", "{8F6C22DE-3BD2-4F28-A518-61E020BF825F}"
EndProject
Project("{FAE04EC0-301F-11D3-BF4B-00C04F79EFBC}") = "Ex01", "Ex01\Ex01.csproj", "{458E42C1-E854-40E1-B341-ADD21A0B49A4}"
EndProject
Project("{2150E333-8FDC-42A3-9474-1A3956D46DE8}") = "Lvl2", "Lvl2", "{344BBE4F-2B96-20C9-CBB2-FBC0E7C3A79F}"
EndProject
Project("{FAE04EC0-301F-11D3-BF4B-00C04F79EFBC}") = "Exercicio01_IgorCosta", "Lvl2\Exercicio01_IgorCosta\Exercicio01_IgorCosta.csproj", "{60836F95-7867-445B-AC7D-6CEEFF895F73}"
EndProject
Project("{FAE04EC0-301F-11D3-BF4B-00C04F79EFBC}") = "Exercicio02_IgorCosta", "Lvl2\Exercicio02_IgorCosta\Exercicio02_IgorCosta.csproj", "{71521323-B8DF-4069-AC61-A1A61F94E64E}"
EndProject
Project("{FAE04EC0-301F-11D3-BF4B-00C04F79EFBC}") = "Exercicio03_IgorCosta", "Lvl2\Exercicio03_IgorCosta\Exercicio03_IgorCosta.csproj", "{32BE2687-4677-4C18-B3BC-4BDF4625BBDA}"
EndProject
Project("{FAE04EC0-301F-11D3-BF4B-00C04F79EFBC}") = "Exercicio04_IgorCosta", "Lvl2\Exercicio04_IgorCosta\Exercicio04_IgorCosta.csproj", "{DEBF8321-D7A8-4EF5-9035-E2EEA0A8B794}"
EndProject
Project("{FAE04EC0-301F-11D3-BF4B-00C04F79EFBC}") = "Exercicio05_IgorCosta", "Lvl2\Exercicio05_IgorCosta\Exercicio05_IgorCosta.csproj", "{D3EBE2CA-21DE-42F2-9C43-6FB9EAC28D39}"
EndProject
Project("{FAE04EC0-301F-11D3-BF4B-00C04F79EFBC}") = "Exercicio06_IgorRodrigoCosta", "Lvl2\Exercicio06_IgorRodrigoCosta\Exercicio06_IgorRodrigoCosta.csproj", "{59D10DC5-E21E-4312-BEBF-B6494FF3D1B6}"
EndProject
Project("{FAE04EC0-301F-11D3-BF4B-00C04F79EFBC}") = "Exercicio07_IgorCosta", "Lvl2\Exercicio07_IgorCosta\Exercicio07_IgorCosta.csproj", "{5F4FF895-4278-4842-B6B6-40691032AC1D}"
EndProject
Project("{FAE04EC0-301F-11D3-BF4B-00C04F79EFBC}") = "Exercicio08_IgorCosta", "Lvl2\Exercicio08_IgorCosta\Exercicio08_IgorCosta.csproj", "{42697B73-8F2C-4692-B85E-CD22E2C9DC2A}"
EndProject
Project("{FAE04EC0-301F-11D3-BF4B-00C04F79EFBC}") = "Exercicio09_IgorCosta", "Lvl2\Exercicio09_IgorCosta\Exercicio09_IgorCosta.csproj", "{662CBC9C-D6F3-4568-8B3C-BCE144D2A9EB}"
EndProject
Project("{FAE04EC0-301F-11D3-BF4B-00C04F79EFBC}") = "Exercicio10_IgorCosta", "Lvl2\Exercicio10_IgorCosta\Exercicio10_IgorCosta.csproj", "{165CCC09-F133-4E96-8D2F-48835197E3C6}"
EndProject
Global
	GlobalSection(SolutionConfigurationPlatforms) = preSolution
		Debug|Any CPU = Debug|Any CPU
		Debug|x64 = Debug|x64
		Debug|x86 = Debug|x86
		Release|Any CPU = Release|Any CPU
		Release|x64 = Release|x64
		Release|x86 = Release|x86
	EndGlobalSection
	GlobalSection(ProjectConfigurationPlatforms) = postSolution
		{FEA9B71C-CA4E-4394-83F3-4C71A993A72A}.Debug|Any CPU.ActiveCfg = Debug|Any CPU
		{FEA9B71C-CA4E-4394-83F3-4C71A993A72A}.Debug|Any CPU.Build.0 = Debug|Any CPU
		{FEA9B71C-CA4E-4394-83F3-4C71A993A72A}.Debug|x64.ActiveCfg = Debug|Any CPU
		{FEA9B71C-CA4E-4394-83F3-4C71A993A72A}.Debug|x64.Build.0 = Debug|Any CPU
		{FEA9B71C-CA4E-4394-83F3-4C71A993A72A}.Debug|x86.ActiveCfg = Debug|Any CPU
		{FEA9B71C-CA4E-4394-83F3-4C71A993A72A}.Debug|x86.Build.0 = Debug|Any CPU
		{FEA9B71C-CA4E-4394-83F3-4C71A993A72A}.Release|Any CPU.ActiveCfg = Release|Any CPU
		{FEA9B71C-CA4E-4394-83F3-4C71A993A72A}.Release|Any CPU.Build.0 = Release|Any CPU
		{FEA9B71C-CA4E-4394-83F3-4C71A993A72A}.Release|x64.ActiveCfg = Release|Any CPU
		{FEA9B71C-CA4E-4394-83F3-4C71A993A72A}.Release|x64.Build.0 = Release|Any CPU
		{FEA9B71C-CA4E-4394-83F3-4C71A993A72A}.Release|x86.ActiveCfg = Release|Any CPU
		{FEA9B71C-CA4E-4394-83F3-4C71A993A72A}.Release|x86.Build.0 = Release|Any CPU
		{2C9D50FE-621C-49B9-9BFB-3EC342A9B4D6}.Debug|Any CPU.ActiveCfg = Debug|Any CPU
		{2C9D50FE-621C-49B9-9BFB-3EC342A9B4D6}.Debug|Any CPU.Build.0 = Debug|Any CPU
		{2C9D50FE-621C-49B9-9BFB-3EC342A9B4D6}.Debug|x64.ActiveCfg = Debug|Any CPU
		{2C9D50FE-621C-49B9-9BFB-3EC342A9B4D6}.Debug|x64.Build.0 = Debug|Any CPU
		{2C9D50FE-621C-49B9-9BFB-3EC342A9B4D6}.Debug|x86.ActiveCfg = Debug|Any CPU
		{2C9D50FE-621C-49B9-9BFB-3EC342A9B4D6}.Debug|x86.Build.0 = Debug|Any CPU
		{2C9D50FE-621C-49B9-9BFB-3EC342A9B4D6}.Release|Any CPU.ActiveCfg = Release|Any CPU
		{2C9D50FE-621C-49B9-9BFB-3EC342A9B4D6}.Release|Any CPU.Build.0 = Release|Any CPU
		{2C9D50FE-621C-49B9-9BFB-3EC342A9B4D6}.Release|x64.ActiveCfg = Release|Any CPU
		{2C9D50FE-621C-49B9-9BFB-3EC342A9B4D6}.Release|x64.Build.0 = Release|Any CPU
		{2C9D50FE-621C-49B9-9BFB-3EC342A9B4D6}.Release|x86.ActiveCfg = Release|Any CPU
		{2C9D50FE-621C-49B9-9BFB-3EC342A9B4D6}.Release|x86.Build.0 = Release|Any CPU
		{0D9AF0CD-52F2-40A3-B0B9-ED1DDA8FA1DA}.Debug|Any CPU.ActiveCfg = Debug|Any CPU
		{0D9AF0CD-52F2-40A3-B0B9-ED1DDA8FA1DA}.Debug|Any CPU.Build.0 = Debug|Any CPU
		{0D9AF0CD-52F2-40A3-B0B9-ED1DDA8FA1DA}.Debug|x64.ActiveCfg = Debug|Any CPU
		{0D9AF0CD-52F2-40A3-B0B9-ED1DDA8FA1DA}.Debug|x64.Build.0 = Debug|Any CPU
		{0D9AF0CD-52F2-40A3-B0B9-ED1DDA8FA1DA}.Debug|x86.ActiveCfg = Debug|Any CPU
		{0D9AF0CD-52F2-40A3-B0B9-ED1DDA8FA1DA}.Debug|x86.Build.0 = Debug|Any CPU
		{0D9AF0CD-52F2-40A3-B0B9-ED1DDA8FA1DA}.Release|Any CPU.ActiveCfg = Release|Any CPU
		{0D9AF0CD-52F2-40A3-B0B9-ED1DDA8FA1DA}.Release|Any CPU.Build.0 = Release|Any CPU
		{0D9AF0CD-52F2-40A3-B0B9-ED1DDA8FA1DA}.Release|x64.ActiveCfg = Release|Any CPU
		{0D9AF0CD-52F2-40A3-B0B9-ED1DDA8FA1DA}.Release|x64.Build.0 = Release|Any CPU
		{0D9AF0CD-52F2-40A3-B0B9-ED1DDA8FA1DA}.Release|x86.ActiveCfg = Release|Any CPU
		{0D9AF0CD-52F2-40A3-B0B9-ED1DDA8FA1DA}.Release|x86.Build.0 = Release|Any CPU
		{EC314862-B847-4ECE-82EB-60C50970D52F}.Debug|Any CPU.ActiveCfg = Debug|Any CPU
		{EC314862-B847-4ECE-82EB-60C50970D52F}.Debug|Any CPU.Build.0 = Debug|Any CPU
		{EC314862-B847-4ECE-82EB-60C50970D52F}.Debug|x64.ActiveCfg = Debug|Any CPU
		{EC314862-B847-4ECE-82EB-60C50970D52F}.Debug|x64.Build.0 = Debug|Any CPU
		{EC314862-B847-4ECE-82EB-60C50970D52F}.Debug|x86.ActiveCfg = Debug|Any CPU
		{EC314862-B847-4ECE-82EB-60C50970D52F}.Debug|x86.Build.0 = Debug|Any CPU
		{EC314862-B847-4ECE-82EB-60C50970D52F}.Release|Any CPU.ActiveCfg = Release|Any CPU
		{EC314862-B847-4ECE-82EB-60C50970D52F}.Release|Any CPU.Build.0 = Release|Any CPU
		{EC314862-B847-4ECE-82EB-60C50970D52F}.Release|x64.ActiveCfg = Release|Any CPU
		{EC314862-B847-4ECE-82EB-60C50970D52F}.Release|x64.Build.0 = Release|Any CPU
		{EC314862-B847-4ECE-82EB-60C50970D52F}.Release|x86.ActiveCfg = Release|Any CPU
		{EC314862-B847-4ECE-82EB-60C50970D52F}.Release|x86.Build.0 = Release|Any CPU
		{B24B81E8-6679-4EF7-9B4C-779CC4A9409D}.Debug|Any CPU.ActiveCfg = Debug|Any CPU
		{B24B81E8-6679-4EF7-9B4C-779CC4A9409D}.Debug|Any CPU.Build.0 = Debug|Any CPU
		{B24B81E8-6679-4EF7-9B4C-779CC4A9409D}.Debug|x64.ActiveCfg = Debug|Any CPU
		{B24B81E8-6679-4EF7-9B4C-779CC4A9409D}.Debug|x64.Build.0 = Debug|Any CPU
		{B24B81E8-6679-4EF7-9B4C-779CC4A9409D}.Debug|x86.ActiveCfg = Debug|Any CPU
		{B24B81E8-6679-4EF7-9B4C-779CC4A9409D}.Debug|x86.Build.0 = Debug|Any CPU
		{B24B81E8-6679-4EF7-9B4C-779CC4A9409D}.Release|Any CPU.ActiveCfg = Release|Any CPU
		{B24B81E8-6679-4EF7-9B4C-779CC4A9409D}.Release|Any CPU.Build.0 = Release|Any CPU
		{B24B81E8-6679-4EF7-9B4C-779CC4A9409D}.Release|x64.ActiveCfg = Release|Any CPU
		{B24B81E8-6679-4EF7-9B4C-779CC4A9409D}.Release|x64.Build.0 = Release|Any CPU
		{B24B81E8-6679-4EF7-9B4C-779CC4A9409D}.Release|x86.ActiveCfg = Release|Any CPU
		{B24B81E8-6679-4EF7-9B4C-779CC4A9409D}.Release|x86.Build.0 = Release|Any CPU
		{47AD7E4A-AD1D-4DF3-A823-9964EBF68070}.Debug|Any CPU.ActiveCfg = Debug|Any CPU
		{47AD7E4A-AD1D-4DF3-A823-9964EBF68070}.Debug|Any CPU.Build.0 = Debug|Any CPU
		{47AD7E4A-AD1D-4DF3-A823-9964EBF68070}.Debug|x64.ActiveCfg = Debug|Any CPU
		{47AD7E4A-AD1D-4DF3-A823-9964EBF68070}.Debug|x64.Build.0 = Debug|Any CPU
		{47AD7E4A-AD1D-4DF3-A823-9964EBF68070}.Debug|x86.ActiveCfg = Debug|Any CPU
		{47AD7E4A-AD1D-4DF3-A823-9964EBF68070}.Debug|x86.Build.0 = Debug|Any CPU
		{47AD7E4A-AD1D-4DF3-A823-9964EBF68070}.Release|Any CPU.ActiveCfg = Release|Any CPU
		{47AD7E4A-AD1D-4DF3-A823-9964EBF68070}.Release|Any CPU.Build.0 = Release|Any CPU
		{47AD7E4A-AD1D-4DF3-A823-9964EBF68070}.Release|x64.ActiveCfg = Release|Any CPU
		{47AD7E4A-AD1D-4DF3-A823-9964EBF68070}.Release|x64.Build.0 = Release|Any CPU
		{47AD7E4A-AD1D-4DF3-A823-9964EBF68070}.Release|x86.ActiveCfg = Release|Any CPU
		{47AD7E4A-AD1D-4DF3-A823-9964EBF68070}.Release|x86.Build.0 = Release|Any CPU
		{8F6C22DE-3BD2-4F28-A518-61E020BF825F}.Debug|Any CPU.ActiveCfg = Debug|Any CPU
		{8F6C22DE-3BD2-4F28-A518-61E020BF825F}.Debug|Any CPU.Build.0 = Debug|Any CPU
		{8F6C22DE-3BD2-4F28-A518-61E020BF825F}.Debug|x64.ActiveCfg = Debug|Any CPU
		{8F6C22DE-3BD2-4F28-A518-61E020BF825F}.Debug|x64.Build.0 = Debug|Any CPU
		{8F6C22DE-3BD2-4F28-A518-61E020BF825F}.Debug|x86.ActiveCfg = Debug|Any CPU
		{8F6C22DE-3BD2-4F28-A518-61E020BF825F}.Debug|x86.Build.0 = Debug|Any CPU
		{8F6C22DE-3BD2-4F28-A518-61E020BF825F}.Release|Any CPU.ActiveCfg = Release|Any CPU
		{8F6C22DE-3BD2-4F28-A518-61E020BF825F}.Release|Any CPU.Build.0 = Release|Any CPU
		{8F6C22DE-3BD2-4F28-A518-61E020BF825F}.Release|x64.ActiveCfg = Release|Any CPU
		{8F6C22DE-3BD2-4F28-A518-61E020BF825F}.Release|x64.Build.0 = Release|Any CPU
		{8F6C22DE-3BD2-4F28-A518-61E020BF825F}.Release|x86.ActiveCfg = Release|Any CPU
		{8F6C22DE-3BD2-4F28-A518-61E020BF825F}.Release|x86.Build.0 = Release|Any CPU
		{458E42C1-E854-40E1-B341-ADD21A0B49A4}.Debug|Any CPU.ActiveCfg = Debug|Any CPU
		{458E42C1-E854-40E1-B341-ADD21A0B49A4}.Debug|Any CPU.Build.0 = Debug|Any CPU
		{458E42C1-E854-40E1-B341-ADD21A0B49A4}.Debug|x64.ActiveCfg = Debug|Any CPU
		{458E42C1-E854-40E1-B341-ADD21A0B49A4}.Debug|x64.Build.0 = Debug|Any CPU
		{458E42C1-E854-40E1-B341-ADD21A0B49A4}.Debug|x86.ActiveCfg = Debug|Any CPU
		{458E42C1-E854-40E1-B341-ADD21A0B49A4}.Debug|x86.Build.0 = Debug|Any CPU
		{458E42C1-E854-40E1-B341-ADD21A0B49A4}.Release|Any CPU.ActiveCfg = Release|Any CPU
		{458E42C1-E854-40E1-B341-ADD21A0B49A4}.Release|Any CPU.Build.0 = Release|Any CPU
		{458E42C1-E854-40E1-B341-ADD21A0B49A4}.Release|x64.ActiveCfg = Release|Any CPU
		{458E42C1-E854-40E1-B341-ADD21A0B49A4}.Release|x64.Build.0 = Release|Any CPU
		{458E42C1-E854-40E1-B341-ADD21A0B49A4}.Release|x86.ActiveCfg = Release|Any CPU
		{458E42C1-E854-40E1-B341-ADD21A0B49A4}.Release|x86.Build.0 = Release|Any CPU
		{60836F95-7867-445B-AC7D-6CEEFF895F73}.Debug|Any CPU.ActiveCfg = Debug|Any CPU
		{60836F95-7867-445B-AC7D-6CEEFF895F73}.Debug|Any CPU.Build.0 = Debug|Any CPU
		{60836F95-7867-445B-AC7D-6CEEFF895F73}.Debug|x64.ActiveCfg = Debug|Any CPU
		{60836F95-7867-445B-AC7D-6CEEFF895F73}.Debug|x64.Build.0 = Debug|Any CPU
		{60836F95-7867-445B-AC7D-6CEEFF895F73}.Debug|x86.ActiveCfg = Debug|Any CPU
		{60836F95-7867-445B-AC7D-6CEEFF895F73}.Debug|x86.Build.0 = Debug|Any CPU
		{60836F95-7867-445B-AC7D-6CEEFF895F73}.Release|Any CPU.ActiveCfg = Release|Any CPU
		{60836F95-7867-445B-AC7D-6CEEFF895F73}.Release|Any CPU.Build.0 = Release|Any CPU
		{60836F95-7867-445B-AC7D-6CEEFF895F73}.Release|x64.ActiveCfg = Release|Any CPU
		{60836F95-7867-445B-AC7D-6CEEFF895F73}.Release|x64.Build.0 = Release|Any CPU
		{60836F95-7867-445B-AC7D-6CEEFF895F73}.Release|x86.ActiveCfg = Release|Any CPU
		{60836F95-7867-445B-AC7D-6CEEFF895F73}.Release|x86.Build.0 = Release|Any CPU
		{71521323-B8DF-4069-AC61-A1A61F94E64E}.Debug|Any CPU.ActiveCfg = Debug|Any CPU
		{71521323-B8DF-4069-AC61-A1A61F94E64E}.Debug|Any CPU.Build.0 = Debug|Any CPU
		{71521323-B8DF-4069-AC61-A1A61F94E64E}.Debug|x64.ActiveCfg = Debug|Any CPU
		{71521323-B8DF-4069-AC61-A1A61F94E64E}.Debug|x64.Build.0 = Debug|Any CPU
		{71521323-B8DF-4069-AC61-A1A61F94E64E}.Debug|x86.ActiveCfg = Debug|Any CPU
		{71521323-B8DF-4069-AC61-A1A61F94E64E}.Debug|x86.Build.0 = Debug|Any CPU
		{71521323-B8DF-4069-AC61-A1A61F94E64E}.Release|Any CPU.ActiveCfg = Release|Any CPU
		{71521323-B8DF-4069-AC61-A1A61F94E64E}.Release|Any CPU.Build.0 = Release|Any CPU
		{71521323-B8DF-4069-AC61-A1A61F94E64E}.Release|x64.ActiveCfg = Release|Any CPU
		{71521323-B8DF-4069-AC61-A1A61F94E64E}.Release|x64.Build.0 = Release|Any CPU
		{71521323-B8DF-4069-AC61-A1A61F94E64E}.Release|x86.ActiveCfg = Release|Any CPU
		{71521323-B8DF-4069-AC61-A1A61F94E64E}.Release|x86.Build.0 = Release|Any CPU
		{32BE2687-4677-4C18-B3BC-4BDF4625BBDA}.Debug|Any CPU.ActiveCfg = Debug|Any CPU
		{32BE2687-4677-4C18-B3BC-4BDF4625BBDA}.Debug|Any CPU.Build.0 = Debug|Any CPU
		{32BE2687-4677-4C18-B3BC-4BDF4625BBDA}.Debug|x64.ActiveCfg = Debug|Any CPU
		{32BE2687-4677-4C18-B3BC-4BDF4625BBDA}.Debug|x64.Build.0 = Debug|Any CPU
		{32BE2687-4677-4C18-B3BC-4BDF4625BBDA}.Debug|x86.ActiveCfg = Debug|Any CPU
		{32BE2687-4677-4C18-B3BC-4BDF4625BBDA}.Debug|x86.Build.0 = Debug|Any CPU
		{32BE2687-4677-4C18-B3BC-4BDF4625BBDA}.Release|Any CPU.ActiveCfg = Release|Any CPU
		{32BE2687-4677-4C18-B3BC-4BDF4625BBDA}.Release|Any CPU.Build.0 = Release|Any CPU
		{32BE2687-4677-4C18-B3BC-4BDF4625BBDA}.Release|x64.ActiveCfg = Release|Any CPU
		{32BE2687-4677-4C18-B3BC-4BDF4625BBDA}.Release|x64.Build.0 = Release|Any CPU
		{32BE2687-4677-4C18-B3BC-4BDF4625BBDA}.Release|x86.ActiveCfg = Release|Any CPU
		{32BE2687-4677-4C18-B3BC-4BDF4625BBDA}.Release|x86.Build.0 = Release|Any CPU
		{DEBF8321-D7A8-4EF5-9035-E2EEA0A8B794}.Debug|Any CPU.ActiveCfg = Debug|Any CPU
		{DEBF8321-D7A8-4EF5-9035-E2EEA0A8B794}.Debug|Any CPU.Build.0 = Debug|Any CPU
		{DEBF8321-D7A8-4EF5-9035-E2EEA0A8B794}.Debug|x64.ActiveCfg = Debug|Any CPU
		{DEBF8321-D7A8-4EF5-9035-E2EEA0A8B794}.Debug|x64.Build.0 = Debug|Any CPU
		{DEBF8321-D7A8-4EF5-9035-E2EEA0A8B794}.Debug|x86.ActiveCfg = Debug|Any CPU
		{DEBF8321-D7A8-4EF5-9035-E2EEA0A8B794}.Debug|x86.Build.0 = Debug|Any CPU
		{DEBF8321-D7A8-4EF5-9035-E2EEA0A8B794}.Release|Any CPU.ActiveCfg = Release|Any CPU
		{DEBF8321-D7A8-4EF5-9035-E2EEA0A8B794}.Release|Any CPU.Build.0 = Release|Any CPU
		{DEBF8321-D7A8-4EF5-9035-E2EEA0A8B794}.Release|x64.ActiveCfg = Release|Any CPU
		{DEBF8321-D7A8-4EF5-9035-E2EEA0A8B794}.Release|x64.Build.0 = Release|Any CPU
		{DEBF8321-D7A8-4EF5-9035-E2EEA0A8B794}.Release|x86.ActiveCfg = Release|Any CPU
		{DEBF8321-D7A8-4EF5-9035-E2EEA0A8B794}.Release|x86.Build.0 = Release|Any CPU
		{D3EBE2CA-21DE-42F2-9C43-6FB9EAC28D39}.Debug|Any CPU.ActiveCfg = Debug|Any CPU
		{D3EBE2CA-21DE-42F2-9C43-6FB9EAC28D39}.Debug|Any CPU.Build.0 = Debug|Any CPU
		{D3EBE2CA-21DE-42F2-9C43-6FB9EAC28D39}.Debug|x64.ActiveCfg = Debug|Any CPU
		{D3EBE2CA-21DE-42F2-9C43-6FB9EAC28D39}.Debug|x64.Build.0 = Debug|Any CPU
		{D3EBE2CA-21DE-42F2-9C43-6FB9EAC28D39}.Debug|x86.ActiveCfg = Debug|Any CPU
		{D3EBE2CA-21DE-42F2-9C43-6FB9EAC28D39}.Debug|x86.Build.0 = Debug|Any CPU
		{D3EBE2CA-21DE-42F2-9C43-6FB9EAC28D39}.Release|Any CPU.ActiveCfg = Release|Any CPU
		{D3EBE2CA-21DE-42F2-9C43-6FB9EAC28D39}.Release|Any CPU.Build.0 = Release|Any CPU
		{D3EBE2CA-21DE-42F2-9C43-6FB9EAC28D39}.Release|x64.ActiveCfg = Release|Any CPU
		{D3EBE2CA-21DE-42F2-9C43-6FB9EAC28D39}.Release|x64.Build.0 = Release|Any CPU
		{D3EBE2CA-21DE-42F2-9C43-6FB9EAC28D39}.Release|x86.ActiveCfg = Release|Any CPU
		{D3EBE2CA-21DE-42F2-9C43-6FB9EAC28D39}.Release|x86.Build.0 = Release|Any CPU
		{59D10DC5-E21E-4312-BEBF-B6494FF3D1B6}.Debug|Any CPU.ActiveCfg = Debug|Any CPU
		{59D10DC5-E21E-4312-BEBF-B6494FF3D1B6}.Debug|Any CPU.Build.0 = Debug|Any CPU
		{59D10DC5-E21E-4312-BEBF-B6494FF3D1B6}.Debug|x64.ActiveCfg = Debug|Any CPU
		{59D10DC5-E21E-4312-BEBF-B6494FF3D1B6}.Debug|x64.Build.0 = Debug|Any CPU
		{59D10DC5-E21E-4312-BEBF-B6494FF3D1B6}.Debug|x86.ActiveCfg = Debug|Any CPU
		{59D10DC5-E21E-4312-BEBF-B6494FF3D1B6}.Debug|x86.Build.0 = Debug|Any CPU
		{59D10DC5-E21E-4312-BEBF-B6494FF3D1B6}.Release|Any CPU.ActiveCfg = Release|Any CPU
		{59D10DC5-E21E-4312-BEBF-B6494FF3D1B6}.Release|Any CPU.Build.0 = Release|Any CPU
		{59D10DC5-E21E-4312-BEBF-B6494FF3D1B6}.Release|x64.ActiveCfg = Release|Any CPU
		{59D10DC5-E21E-4312-BEBF-B6494FF3D1B6}.Release|x64.Build.0 = Release|Any CPU
		{59D10DC5-E21E-4312-BEBF-B6494FF3D1B6}.Release|x86.ActiveCfg = Release|Any CPU
		{59D10DC5-E21E-4312-BEBF-B6494FF3D1B6}.Release|x86.Build.0 = Release|Any CPU
		{5F4FF895-4278-4842-B6B6-40691032AC1D}.Debug|Any CPU.ActiveCfg = Debug|Any CPU
		{5F4FF895-4278-4842-B6B6-40691032AC1D}.Debug|Any CPU.Build.0 = Debug|Any CPU
		{5F4FF895-4278-4842-B6B6-40691032AC1D}.Debug|x64.ActiveCfg = Debug|Any CPU
		{5F4FF895-4278-4842-B6B6-40691032AC1D}.Debug|x64.Build.0 = Debug|Any CPU
		{5F4FF895-4278-4842-B6B6-40691032AC1D}.Debug|x86.ActiveCfg = Debug|Any CPU
		{5F4FF895-4278-4842-B6B6-40691032AC1D}.Debug|x86.Build.0 = Debug|Any CPU
		{5F4FF895-4278-4842-B6B6-40691032AC1D}.Release|Any CPU.ActiveCfg = Release|Any CPU
		{5F4FF895-4278-4842-B6B6-40691032AC1D}.Release|Any CPU.Build.0 = Release|Any CPU
		{5F4FF895-4278-4842-B6B6-40691032AC1D}.Release|x64.ActiveCfg = Release|Any CPU
		{5F4FF895-4278-4842-B6B6-40691032AC1D}.Release|x64.Build.0 = Release|Any CPU
		{5F4FF895-4278-4842-B6B6-40691032AC1D}.Release|x86.ActiveCfg = Release|Any CPU
		{5F4FF895-4278-4842-B6B6-40691032AC1D}.Release|x86.Build.0 = Release|Any CPU
		{42697B73-8F2C-4692-B85E-CD22E2C9DC2A}.Debug|Any CPU.ActiveCfg = Debug|Any CPU
		{42697B73-8F2C-4692-B85E-CD22E2C9DC2A}.Debug|Any CPU.Build.0 = Debug|Any CPU
		{42697B73-8F2C-4692-B85E-CD22E2C9DC2A}.Debug|x64.ActiveCfg = Debug|Any CPU
		{42697B73-8F2C-4692-B85E-CD22E2C9DC2A}.Debug|x64.Build.0 = Debug|Any CPU
		{42697B73-8F2C-4692-B85E-CD22E2C9DC2A}.Debug|x86.ActiveCfg = Debug|Any CPU
		{42697B73-8F2C-4692-B85E-CD22E2C9DC2A}.Debug|x86.Build.0 = Debug|Any CPU
		{42697B73-8F2C-4692-B85E-CD22E2C9DC2A}.Release|Any CPU.ActiveCfg = Release|Any CPU
		{42697B73-8F2C-4692-B85E-CD22E2C9DC2A}.Release|Any CPU.Build.0 = Release|Any CPU
		{42697B73-8F2C-4692-B85E-CD22E2C9DC2A}.Release|x64.ActiveCfg = Release|Any CPU
		{42697B73-8F2C-4692-B85E-CD22E2C9DC2A}.Release|x64.Build.0 = Release|Any CPU
		{42697B73-8F2C-4692-B85E-CD22E2C9DC2A}.Release|x86.ActiveCfg = Release|Any CPU
		{42697B73-8F2C-4692-B85E-CD22E2C9DC2A}.Release|x86.Build.0 = Release|Any CPU
		{662CBC9C-D6F3-4568-8B3C-BCE144D2A9EB}.Debug|Any CPU.ActiveCfg = Debug|Any CPU
		{662CBC9C-D6F3-4568-8B3C-BCE144D2A9EB}.Debug|Any CPU.Build.0 = Debug|Any CPU
		{662CBC9C-D6F3-4568-8B3C-BCE144D2A9EB}.Debug|x64.ActiveCfg = Debug|Any CPU
		{662CBC9C-D6F3-4568-8B3C-BCE144D2A9EB}.Debug|x64.Build.0 = Debug|Any CPU
		{662CBC9C-D6F3-4568-8B3C-BCE144D2A9EB}.Debug|x86.ActiveCfg = Debug|Any CPU
		{662CBC9C-D6F3-4568-8B3C-BCE144D2A9EB}.Debug|x86.Build.0 = Debug|Any CPU
		{662CBC9C-D6F3-4568-8B3C-BCE144D2A9EB}.Release|Any CPU.ActiveCfg = Release|Any CPU
		{662CBC9C-D6F3-4568-8B3C-BCE144D2A9EB}.Release|Any CPU.Build.0 = Release|Any CPU
		{662CBC9C-D6F3-4568-8B3C-BCE144D2A9EB}.Release|x64.ActiveCfg = Release|Any CPU
		{662CBC9C-D6F3-4568-8B3C-BCE144D2A9EB}.Release|x64.Build.0 = Release|Any CPU
		{662CBC9C-D6F3-4568-8B3C-BCE144D2A9EB}.Release|x86.ActiveCfg = Release|Any CPU
		{662CBC9C-D6F3-4568-8B3C-BCE144D2A9EB}.Release|x86.Build.0 = Release|Any CPU
		{165CCC09-F133-4E96-8D2F-48835197E3C6}.Debug|Any CPU.ActiveCfg = Debug|Any CPU
		{165CCC09-F133-4E96-8D2F-48835197E3C6}.Debug|Any CPU.Build.0 = Debug|Any CPU
		{165CCC09-F133-4E96-8D2F-48835197E3C6}.Debug|x64.ActiveCfg = Debug|Any CPU
		{165CCC09-F133-4E96-8D2F-48835197E3C6}.Debug|x64.Build.0 = Debug|Any CPU
		{165CCC09-F133-4E96-8D2F-48835197E3C6}.Debug|x86.ActiveCfg = Debug|Any CPU
		{165CCC09-F133-4E96-8D2F-48835197E3C6}.Debug|x86.Build.0 = Debug|Any CPU
		{165CCC09-F133-4E96-8D2F-48835197E3C6}.Release|Any CPU.ActiveCfg = Release|Any CPU
		{165CCC09-F133-4E96-8D2F-48835197E3C6}.Release|Any CPU.Build.0 = Release|Any CPU
		{165CCC09-F133-4E96-8D2F-48835197E3C6}.Release|x64.ActiveCfg = Release|Any CPU
		{165CCC09-F133-4E96-8D2F-48835197E3C6}.Release|x64.Build.0 = Release|Any CPU
		{165CCC09-F133-4E96-8D2F-48835197E3C6}.Release|x86.ActiveCfg = Release|Any CPU
		{165CCC09-F133-4E96-8D2F-48835197E3C6}.Release|x86.Build.0 = Release|Any CPU
	EndGlobalSection
	GlobalSection(SolutionProperties) = preSolution
		HideSolutionNode = FALSE
	EndGlobalSection
	GlobalSection(NestedProjects) = preSolution
		{60836F95-7867-445B-AC7D-6CEEFF895F73} = {344BBE4F-2B96-20C9-CBB2-FBC0E7C3A79F}
		{71521323-B8DF-4069-AC61-A1A61F94E64E} = {344BBE4F-2B96-20C9-CBB2-FBC0E7C3A79F}
		{32BE2687-4677-4C18-B3BC-4BDF4625BBDA} = {344BBE4F-2B96-20C9-CBB2-FBC0E7C3A79F}
		{DEBF8321-D7A8-4EF5-9035-E2EEA0A8B794} = {344BBE4F-2B96-20C9-CBB2-FBC0E7C3A79F}
		{D3EBE2CA-21DE-42F2-9C43-6FB9EAC28D39} = {344BBE4F-2B96-20C9-CBB2-FBC0E7C3A79F}
		{59D10DC5-E21E-4312-BEBF-B6494FF3D1B6} = {344BBE4F-2B96-20C9-CBB2-FBC0E7C3A79F}
		{5F4FF895-4278-4842-B6B6-40691032AC1D} = {344BBE4F-2B96-20C9-CBB2-FBC0E7C3A79F}
		{42697B73-8F2C-4692-B85E-CD22E2C9DC2A} = {344BBE4F-2B96-20C9-CBB2-FBC0E7C3A79F}
		{662CBC9C-D6F3-4568-8B3C-BCE144D2A9EB} = {344BBE4F-2B96-20C9-CBB2-FBC0E7C3A79F}
		{165CCC09-F133-4E96-8D2F-48835197E3C6} = {344BBE4F-2B96-20C9-CBB2-FBC0E7C3A79F}
	EndGlobalSection
EndGlobal
